
Microsoft Visual Studio Solution File, Format Version 12.00
# Visual Studio Version 17
VisualStudioVersion = 17.9.34701.34
MinimumVisualStudioVersion = 10.0.40219.1
Project("{FAE04EC0-301F-11D3-BF4B-00C04F79EFBC}") = "BlazorStrichApp", "BlazorStrichApp.csproj", "{62F5C68A-AA1F-4161-AA0D-0ECD10FB5A57}"
EndProject
Project("{9A19103F-16F7-4668-BE54-9A1E7A4F7556}") = "BlazorStrich", "..\BlazorStrich\BlazorStrich.csproj", "{3C1B4DFA-D408-4896-BA80-2E0D04A6FEBD}"
EndProject
Global
	GlobalSection(SolutionConfigurationPlatforms) = preSolution
		Debug|Any CPU = Debug|Any CPU
		Release|Any CPU = Release|Any CPU
	EndGlobalSection
	GlobalSection(ProjectConfigurationPlatforms) = postSolution
		{62F5C68A-AA1F-4161-AA0D-0ECD10FB5A57}.Debug|Any CPU.ActiveCfg = Debug|Any CPU
		{62F5C68A-AA1F-4161-AA0D-0ECD10FB5A57}.Debug|Any CPU.Build.0 = Debug|Any CPU
		{62F5C68A-AA1F-4161-AA0D-0ECD10FB5A57}.Release|Any CPU.ActiveCfg = Release|Any CPU
		{62F5C68A-AA1F-4161-AA0D-0ECD10FB5A57}.Release|Any CPU.Build.0 = Release|Any CPU
		{3C1B4DFA-D408-4896-BA80-2E0D04A6FEBD}.Debug|Any CPU.ActiveCfg = Debug|Any CPU
		{3C1B4DFA-D408-4896-BA80-2E0D04A6FEBD}.Debug|Any CPU.Build.0 = Debug|Any CPU
		{3C1B4DFA-D408-4896-BA80-2E0D04A6FEBD}.Release|Any CPU.ActiveCfg = Release|Any CPU
		{3C1B4DFA-D408-4896-BA80-2E0D04A6FEBD}.Release|Any CPU.Build.0 = Release|Any CPU
	EndGlobalSection
	GlobalSection(SolutionProperties) = preSolution
		HideSolutionNode = FALSE
	EndGlobalSection
	GlobalSection(ExtensibilityGlobals) = postSolution
		SolutionGuid = {379B910C-836A-4424-91B7-8D5D6739407D}
	EndGlobalSection
EndGlobal
